
Microsoft Visual Studio Solution File, Format Version 12.00
# Visual Studio 15
VisualStudioVersion = 15.0.27703.2042
MinimumVisualStudioVersion = 10.0.40219.1
Project("{FAE04EC0-301F-11D3-BF4B-00C04F79EFBC}") = "netCore2HolaMundo", "netCore2HolaMundo\netCore2HolaMundo.csproj", "{38E11E75-0D74-4E38-AA02-4C393412C486}"
EndProject
Global
	GlobalSection(SolutionConfigurationPlatforms) = preSolution
		Debug|Any CPU = Debug|Any CPU
		Release|Any CPU = Release|Any CPU
	EndGlobalSection
	GlobalSection(ProjectConfigurationPlatforms) = postSolution
		{38E11E75-0D74-4E38-AA02-4C393412C486}.Debug|Any CPU.ActiveCfg = Debug|Any CPU
		{38E11E75-0D74-4E38-AA02-4C393412C486}.Debug|Any CPU.Build.0 = Debug|Any CPU
		{38E11E75-0D74-4E38-AA02-4C393412C486}.Release|Any CPU.ActiveCfg = Release|Any CPU
		{38E11E75-0D74-4E38-AA02-4C393412C486}.Release|Any CPU.Build.0 = Release|Any CPU
	EndGlobalSection
	GlobalSection(SolutionProperties) = preSolution
		HideSolutionNode = FALSE
	EndGlobalSection
	GlobalSection(ExtensibilityGlobals) = postSolution
		SolutionGuid = {48878823-C0D0-42AE-BF59-23C6CF401E76}
	EndGlobalSection
EndGlobal
